
Microsoft Visual Studio Solution File, Format Version 12.00
# Visual Studio 15
VisualStudioVersion = 15.0.27130.2036
MinimumVisualStudioVersion = 10.0.40219.1
Project("{FAE04EC0-301F-11D3-BF4B-00C04F79EFBC}") = "TabbedUIAppTEST", "TabbedUIAppTEST\TabbedUIAppTEST.csproj", "{52BA2579-0093-4ECA-A584-56275577C348}"
EndProject
Project("{FAE04EC0-301F-11D3-BF4B-00C04F79EFBC}") = "RibbonBasedAppTEST", "RibbonBasedAppTest\RibbonBasedAppTEST.csproj", "{50C1DE9E-811A-459F-BD64-06FEF621218C}"
EndProject
Project("{FAE04EC0-301F-11D3-BF4B-00C04F79EFBC}") = "BlankAppTEST", "DXApplication1\BlankApp\BlankAppTEST.csproj", "{351B6F2C-8393-466C-BE85-160392190E2D}"
EndProject
Project("{FAE04EC0-301F-11D3-BF4B-00C04F79EFBC}") = "ToolbarBasedAppTEST", "DXApplication2\ToolbarBasedApp\ToolbarBasedAppTEST.csproj", "{9E0966B2-ECCD-43D7-B067-D8CA119007D9}"
EndProject
Project("{FAE04EC0-301F-11D3-BF4B-00C04F79EFBC}") = "WordProcessingAppTEST", "DXApplication3\WordProcessingAppTEST\WordProcessingAppTEST.csproj", "{336D1F39-C087-4558-8902-C7EEC862FAAC}"
EndProject
Project("{FAE04EC0-301F-11D3-BF4B-00C04F79EFBC}") = "SchedulingAppTEST", "DXApplication4\SchedulingAppTEST\SchedulingAppTEST.csproj", "{4B37DBD4-1258-4F40-B1BF-579F9F90ADEA}"
EndProject
Project("{FAE04EC0-301F-11D3-BF4B-00C04F79EFBC}") = "SpreadsheetAppTEST", "DXApplication5\SpreadsheetAppTEST\SpreadsheetAppTEST.csproj", "{269DADF2-4451-4A87-AC30-A3B529168EC6}"
EndProject
Project("{FAE04EC0-301F-11D3-BF4B-00C04F79EFBC}") = "PdfViewerAppTEST", "DXApplication6\PdfViewerAppTEST\PdfViewerAppTEST.csproj", "{F7BC80FD-4DFC-48D1-85E2-249DD94613DA}"
EndProject
Project("{FAE04EC0-301F-11D3-BF4B-00C04F79EFBC}") = "MapApppTEST", "DXApplication7\MapApppTEST\MapApppTEST.csproj", "{9FBAB4C9-6737-48B9-8C2E-11F826BABBD9}"
EndProject
Project("{FAE04EC0-301F-11D3-BF4B-00C04F79EFBC}") = "DashboardDesignerAppTEST", "DXApplication8\DashboardDesignerAppTEST\DashboardDesignerAppTEST.csproj", "{2EBA5E50-EB31-487C-8807-48BE897DFCD5}"
EndProject
Project("{FAE04EC0-301F-11D3-BF4B-00C04F79EFBC}") = "DashboardViewerAppTEST", "DXApplication9\DashboardViewerAppTEST\DashboardViewerAppTEST.csproj", "{A70A2947-1D2E-45C6-84B3-EA91D876F831}"
EndProject
Project("{FAE04EC0-301F-11D3-BF4B-00C04F79EFBC}") = "GridBasedUIAppTEST", "DXApplication10\GridBasedUIAppTEST\GridBasedUIAppTEST.csproj", "{E80FCE2B-A22E-48AA-B980-978DE8214997}"
EndProject
Project("{FAE04EC0-301F-11D3-BF4B-00C04F79EFBC}") = "GridBasedUIOffice365TEST", "DXApplication11\GridBasedUIOffice365TEST\GridBasedUIOffice365TEST.csproj", "{5EDAFC4B-FE5D-4E3E-A740-D1CC23D42830}"
EndProject
Project("{FAE04EC0-301F-11D3-BF4B-00C04F79EFBC}") = "TileAppTEST", "DXApplication12\TileAppTEST\TileAppTEST.csproj", "{7A516437-97A8-4972-9111-53632AAE3F66}"
EndProject
Project("{FAE04EC0-301F-11D3-BF4B-00C04F79EFBC}") = "UIReadyTabbedMDINavContainerAppTEST", "DXApplication14\UIReadyTabbedMDINavContainerAppTEST\UIReadyTabbedMDINavContainerAppTEST.csproj", "{542B96D2-50A6-4C02-99FF-7DF82216C59E}"
EndProject
Project("{FAE04EC0-301F-11D3-BF4B-00C04F79EFBC}") = "TimeLogger", "TimeLogger\TimeLogger.csproj", "{ADB803CB-CC72-4F46-948A-A3984869EFD8}"
EndProject
Project("{FAE04EC0-301F-11D3-BF4B-00C04F79EFBC}") = "LicenseManager", "LicenseManager\LicenseManager.csproj", "{3DD43096-2318-4EEF-89EC-9FD58435A7FF}"
EndProject
Project("{FAE04EC0-301F-11D3-BF4B-00C04F79EFBC}") = "LicenseClient", "LicenseClient\LicenseClient.csproj", "{9E2B3C6F-0DED-4DF6-9B6B-47AB4C363D79}"
EndProject
Project("{FAE04EC0-301F-11D3-BF4B-00C04F79EFBC}") = "OfficeInspiredUI", "OfficeInspiredUI\OfficeInspiredUI.csproj", "{901C2872-F677-447B-87FC-E64077382AD5}"
EndProject
Project("{FAE04EC0-301F-11D3-BF4B-00C04F79EFBC}") = "OfficeInspiredUIManual", "OfficeInspiredUIManual\OfficeInspiredUIManual.csproj", "{795F7496-74CE-4ED7-9893-5BB92F737D6E}"
EndProject
Project("{FAE04EC0-301F-11D3-BF4B-00C04F79EFBC}") = "PropertyGridControlTest", "PropertyGridControlTest\PropertyGridControlTest.csproj", "{9A000669-50CB-440D-BBA6-0D780A1F7013}"
EndProject
Project("{FAE04EC0-301F-11D3-BF4B-00C04F79EFBC}") = "TreeListTest", "TreeListTest\TreeListTest.csproj", "{BFCDC67A-9C97-465C-A72E-3096140F4EB2}"
EndProject
Project("{FAE04EC0-301F-11D3-BF4B-00C04F79EFBC}") = "UnitTestWindowsFormsApp", "UnitTestWindowsFormsApp\UnitTestWindowsFormsApp.csproj", "{9744F384-B54B-43A7-B5E2-E33969C413F7}"
EndProject
Project("{FAE04EC0-301F-11D3-BF4B-00C04F79EFBC}") = "UnitTestWindowsFormsAppProject", "UnitTestWindowsFormsAppProject\UnitTestWindowsFormsAppProject.csproj", "{038AF679-4C6C-41EA-9862-FEC5C894851B}"
EndProject
Project("{FAE04EC0-301F-11D3-BF4B-00C04F79EFBC}") = "Prop", "Prop\Prop.csproj", "{3C0B02DB-79AB-4129-9D44-0A4828292871}"
EndProject
Project("{FAE04EC0-301F-11D3-BF4B-00C04F79EFBC}") = "GridXtraUserControl", "DXApplication13\GridXtraUserControl\GridXtraUserControl.csproj", "{65D503EB-435A-45AE-9ABD-F86760C3232C}"
EndProject
Project("{FAE04EC0-301F-11D3-BF4B-00C04F79EFBC}") = "DockManagerTest", "DockManagerTest\DockManagerTest.csproj", "{05F49BC7-3955-4FBE-A53E-1A75AE05F740}"
EndProject
Project("{FAE04EC0-301F-11D3-BF4B-00C04F79EFBC}") = "DatabaseConnectionTest", "DXApplication15\DatabaseConnectionTest\DatabaseConnectionTest.csproj", "{01E3A638-1DB2-40AE-8460-09F4A8172A90}"
EndProject
Project("{FAE04EC0-301F-11D3-BF4B-00C04F79EFBC}") = "AQBConnection-Test", "DXApplication17\AQBConnection-Test\AQBConnection-Test.csproj", "{66DD7807-B6DF-461C-8381-092EDD93F290}"
EndProject
Project("{FAE04EC0-301F-11D3-BF4B-00C04F79EFBC}") = "DataSetTest", "DataSetTest\DataSetTest.csproj", "{AC5F81FA-69DE-4626-94E4-FADAA4481E3B}"
EndProject
Project("{FAE04EC0-301F-11D3-BF4B-00C04F79EFBC}") = "DataModelXmlTest", "DataModelXmlTest\DataModelXmlTest.csproj", "{DA9E8FCF-9418-4C64-8D5C-31F171A21F1B}"
EndProject
Project("{FAE04EC0-301F-11D3-BF4B-00C04F79EFBC}") = "UrlShortening", "UrlShortening\UrlShortening.csproj", "{BA05E0ED-B635-40BE-8058-86366163B78A}"
EndProject
Project("{FAE04EC0-301F-11D3-BF4B-00C04F79EFBC}") = "XpoTutorial01", "XpoTutorial01\XpoTutorial01.csproj", "{7BC8FF39-F9D8-4CA5-AC5B-B79788180848}"
EndProject
Project("{FAE04EC0-301F-11D3-BF4B-00C04F79EFBC}") = "XpoTutorial02", "XpoTutorial02\XpoTutorial02.csproj", "{3C262542-5FF3-498F-9415-6D3F383F6F0D}"
EndProject
Project("{FAE04EC0-301F-11D3-BF4B-00C04F79EFBC}") = "XpoTutorial03", "XpoTutorial03\XpoTutorial03.csproj", "{565B898D-5B76-447B-A8AF-20B95D817A12}"
EndProject
Project("{FAE04EC0-301F-11D3-BF4B-00C04F79EFBC}") = "MyRibbonBarTest", "MyRibbonBarTest\MyRibbonBarTest.csproj", "{9753D049-67D3-42AB-9894-A970B7982088}"
EndProject
Project("{FAE04EC0-301F-11D3-BF4B-00C04F79EFBC}") = "XpoAQBTest", "XpoAQBRadialMenuTest\XpoAQBTest.csproj", "{93BA96A9-880C-467D-BE95-D01A944BAA5D}"
EndProject
Project("{FAE04EC0-301F-11D3-BF4B-00C04F79EFBC}") = "DataGeneratorTest", "DataGeneratorTest\DataGeneratorTest.csproj", "{4BC137BF-8AED-4237-A5D9-5B76ED350E62}"
EndProject
Project("{FAE04EC0-301F-11D3-BF4B-00C04F79EFBC}") = "LayoutItemsForm", "LayoutItemsForm\LayoutItemsForm.csproj", "{5E637CD4-814E-4683-922D-7D66E3DCD7D7}"
EndProject
Project("{FAE04EC0-301F-11D3-BF4B-00C04F79EFBC}") = "NavigationController", "MVVMTeste\NavigationController\NavigationController.csproj", "{E288C69F-F8E8-4095-9918-65DF45472F4C}"
EndProject
Project("{FAE04EC0-301F-11D3-BF4B-00C04F79EFBC}") = "GitSharp.Demo", "..\GitSharp.Demo\GitSharp.Demo.csproj", "{4B53BA11-1ADE-44E7-AC0F-7748D5701C25}"
EndProject
Project("{9A19103F-16F7-4668-BE54-9A1E7A4F7556}") = "Global", "Global\Global.csproj", "{1A06E7DE-996F-4433-9560-EACB9F5EC7DF}"
EndProject
Project("{FAE04EC0-301F-11D3-BF4B-00C04F79EFBC}") = "AQBTest", "AQBTest\AQBTest.csproj", "{9D2CF52A-415C-4ABD-A6A2-7DB340D6151A}"
EndProject
Project("{FAE04EC0-301F-11D3-BF4B-00C04F79EFBC}") = "DataStoreGridViewer", "DataStoreGridViewer\DataStoreGridViewer.csproj", "{4BF52AE0-3EE0-4E02-ADCC-199FCA966B2F}"
EndProject
Project("{FAE04EC0-301F-11D3-BF4B-00C04F79EFBC}") = "PrintPOC", "PrintPOC\PrintPOC.csproj", "{131F7CD2-A2CB-4079-9AC0-F1AE7E8B28FE}"
EndProject
Project("{FAE04EC0-301F-11D3-BF4B-00C04F79EFBC}") = "TreeList2Test", "TreeList2Test\TreeList2Test.csproj", "{A8CA7D1E-C6E0-4AE4-AC36-3ACCF9EBF8C2}"
EndProject
Project("{FAE04EC0-301F-11D3-BF4B-00C04F79EFBC}") = "TreeListForm", "TreeListForm\TreeListForm.csproj", "{054F6AE5-B73B-4175-9785-CD1850C88B66}"
EndProject
Project("{FAE04EC0-301F-11D3-BF4B-00C04F79EFBC}") = "Z900", "Z900\Z900.csproj", "{F1AC6C0B-1DA5-46D3-92DB-B6819C1ECAFE}"
EndProject
Project("{FAE04EC0-301F-11D3-BF4B-00C04F79EFBC}") = "GridCardAndLayoutView", "DXApplication18\GridCardAndLayoutView\GridCardAndLayoutView.csproj", "{EEC4838E-DFAC-49B1-B2B4-288290B60E24}"
EndProject
Project("{FAE04EC0-301F-11D3-BF4B-00C04F79EFBC}") = "Chart-Test", "Chart-Test\Chart-Test.csproj", "{B5D53FDE-9B8E-48DF-A7C7-C6F35E49BE43}"
EndProject
Project("{FAE04EC0-301F-11D3-BF4B-00C04F79EFBC}") = "GridPlusChart", "GridPlusChart\GridPlusChart.csproj", "{B70A5443-DC05-4CDC-B7BC-8925C253EC7F}"
EndProject
Global
	GlobalSection(SolutionConfigurationPlatforms) = preSolution
		Debug|Any CPU = Debug|Any CPU
		Debug|x86 = Debug|x86
		Release|Any CPU = Release|Any CPU
		Release|x86 = Release|x86
	EndGlobalSection
	GlobalSection(ProjectConfigurationPlatforms) = postSolution
		{52BA2579-0093-4ECA-A584-56275577C348}.Debug|Any CPU.ActiveCfg = Debug|Any CPU
		{52BA2579-0093-4ECA-A584-56275577C348}.Debug|Any CPU.Build.0 = Debug|Any CPU
		{52BA2579-0093-4ECA-A584-56275577C348}.Debug|x86.ActiveCfg = Debug|Any CPU
		{52BA2579-0093-4ECA-A584-56275577C348}.Debug|x86.Build.0 = Debug|Any CPU
		{52BA2579-0093-4ECA-A584-56275577C348}.Release|Any CPU.ActiveCfg = Release|Any CPU
		{52BA2579-0093-4ECA-A584-56275577C348}.Release|Any CPU.Build.0 = Release|Any CPU
		{52BA2579-0093-4ECA-A584-56275577C348}.Release|x86.ActiveCfg = Release|Any CPU
		{52BA2579-0093-4ECA-A584-56275577C348}.Release|x86.Build.0 = Release|Any CPU
		{50C1DE9E-811A-459F-BD64-06FEF621218C}.Debug|Any CPU.ActiveCfg = Debug|Any CPU
		{50C1DE9E-811A-459F-BD64-06FEF621218C}.Debug|Any CPU.Build.0 = Debug|Any CPU
		{50C1DE9E-811A-459F-BD64-06FEF621218C}.Debug|x86.ActiveCfg = Debug|Any CPU
		{50C1DE9E-811A-459F-BD64-06FEF621218C}.Debug|x86.Build.0 = Debug|Any CPU
		{50C1DE9E-811A-459F-BD64-06FEF621218C}.Release|Any CPU.ActiveCfg = Release|Any CPU
		{50C1DE9E-811A-459F-BD64-06FEF621218C}.Release|Any CPU.Build.0 = Release|Any CPU
		{50C1DE9E-811A-459F-BD64-06FEF621218C}.Release|x86.ActiveCfg = Release|Any CPU
		{50C1DE9E-811A-459F-BD64-06FEF621218C}.Release|x86.Build.0 = Release|Any CPU
		{351B6F2C-8393-466C-BE85-160392190E2D}.Debug|Any CPU.ActiveCfg = Debug|Any CPU
		{351B6F2C-8393-466C-BE85-160392190E2D}.Debug|Any CPU.Build.0 = Debug|Any CPU
		{351B6F2C-8393-466C-BE85-160392190E2D}.Debug|x86.ActiveCfg = Debug|Any CPU
		{351B6F2C-8393-466C-BE85-160392190E2D}.Debug|x86.Build.0 = Debug|Any CPU
		{351B6F2C-8393-466C-BE85-160392190E2D}.Release|Any CPU.ActiveCfg = Release|Any CPU
		{351B6F2C-8393-466C-BE85-160392190E2D}.Release|Any CPU.Build.0 = Release|Any CPU
		{351B6F2C-8393-466C-BE85-160392190E2D}.Release|x86.ActiveCfg = Release|Any CPU
		{351B6F2C-8393-466C-BE85-160392190E2D}.Release|x86.Build.0 = Release|Any CPU
		{9E0966B2-ECCD-43D7-B067-D8CA119007D9}.Debug|Any CPU.ActiveCfg = Debug|Any CPU
		{9E0966B2-ECCD-43D7-B067-D8CA119007D9}.Debug|Any CPU.Build.0 = Debug|Any CPU
		{9E0966B2-ECCD-43D7-B067-D8CA119007D9}.Debug|x86.ActiveCfg = Debug|Any CPU
		{9E0966B2-ECCD-43D7-B067-D8CA119007D9}.Debug|x86.Build.0 = Debug|Any CPU
		{9E0966B2-ECCD-43D7-B067-D8CA119007D9}.Release|Any CPU.ActiveCfg = Release|Any CPU
		{9E0966B2-ECCD-43D7-B067-D8CA119007D9}.Release|Any CPU.Build.0 = Release|Any CPU
		{9E0966B2-ECCD-43D7-B067-D8CA119007D9}.Release|x86.ActiveCfg = Release|Any CPU
		{9E0966B2-ECCD-43D7-B067-D8CA119007D9}.Release|x86.Build.0 = Release|Any CPU
		{336D1F39-C087-4558-8902-C7EEC862FAAC}.Debug|Any CPU.ActiveCfg = Debug|Any CPU
		{336D1F39-C087-4558-8902-C7EEC862FAAC}.Debug|Any CPU.Build.0 = Debug|Any CPU
		{336D1F39-C087-4558-8902-C7EEC862FAAC}.Debug|x86.ActiveCfg = Debug|Any CPU
		{336D1F39-C087-4558-8902-C7EEC862FAAC}.Debug|x86.Build.0 = Debug|Any CPU
		{336D1F39-C087-4558-8902-C7EEC862FAAC}.Release|Any CPU.ActiveCfg = Release|Any CPU
		{336D1F39-C087-4558-8902-C7EEC862FAAC}.Release|Any CPU.Build.0 = Release|Any CPU
		{336D1F39-C087-4558-8902-C7EEC862FAAC}.Release|x86.ActiveCfg = Release|Any CPU
		{336D1F39-C087-4558-8902-C7EEC862FAAC}.Release|x86.Build.0 = Release|Any CPU
		{4B37DBD4-1258-4F40-B1BF-579F9F90ADEA}.Debug|Any CPU.ActiveCfg = Debug|Any CPU
		{4B37DBD4-1258-4F40-B1BF-579F9F90ADEA}.Debug|Any CPU.Build.0 = Debug|Any CPU
		{4B37DBD4-1258-4F40-B1BF-579F9F90ADEA}.Debug|x86.ActiveCfg = Debug|Any CPU
		{4B37DBD4-1258-4F40-B1BF-579F9F90ADEA}.Debug|x86.Build.0 = Debug|Any CPU
		{4B37DBD4-1258-4F40-B1BF-579F9F90ADEA}.Release|Any CPU.ActiveCfg = Release|Any CPU
		{4B37DBD4-1258-4F40-B1BF-579F9F90ADEA}.Release|Any CPU.Build.0 = Release|Any CPU
		{4B37DBD4-1258-4F40-B1BF-579F9F90ADEA}.Release|x86.ActiveCfg = Release|Any CPU
		{4B37DBD4-1258-4F40-B1BF-579F9F90ADEA}.Release|x86.Build.0 = Release|Any CPU
		{269DADF2-4451-4A87-AC30-A3B529168EC6}.Debug|Any CPU.ActiveCfg = Debug|Any CPU
		{269DADF2-4451-4A87-AC30-A3B529168EC6}.Debug|Any CPU.Build.0 = Debug|Any CPU
		{269DADF2-4451-4A87-AC30-A3B529168EC6}.Debug|x86.ActiveCfg = Debug|Any CPU
		{269DADF2-4451-4A87-AC30-A3B529168EC6}.Debug|x86.Build.0 = Debug|Any CPU
		{269DADF2-4451-4A87-AC30-A3B529168EC6}.Release|Any CPU.ActiveCfg = Release|Any CPU
		{269DADF2-4451-4A87-AC30-A3B529168EC6}.Release|Any CPU.Build.0 = Release|Any CPU
		{269DADF2-4451-4A87-AC30-A3B529168EC6}.Release|x86.ActiveCfg = Release|Any CPU
		{269DADF2-4451-4A87-AC30-A3B529168EC6}.Release|x86.Build.0 = Release|Any CPU
		{F7BC80FD-4DFC-48D1-85E2-249DD94613DA}.Debug|Any CPU.ActiveCfg = Debug|Any CPU
		{F7BC80FD-4DFC-48D1-85E2-249DD94613DA}.Debug|Any CPU.Build.0 = Debug|Any CPU
		{F7BC80FD-4DFC-48D1-85E2-249DD94613DA}.Debug|x86.ActiveCfg = Debug|Any CPU
		{F7BC80FD-4DFC-48D1-85E2-249DD94613DA}.Debug|x86.Build.0 = Debug|Any CPU
		{F7BC80FD-4DFC-48D1-85E2-249DD94613DA}.Release|Any CPU.ActiveCfg = Release|Any CPU
		{F7BC80FD-4DFC-48D1-85E2-249DD94613DA}.Release|Any CPU.Build.0 = Release|Any CPU
		{F7BC80FD-4DFC-48D1-85E2-249DD94613DA}.Release|x86.ActiveCfg = Release|Any CPU
		{F7BC80FD-4DFC-48D1-85E2-249DD94613DA}.Release|x86.Build.0 = Release|Any CPU
		{9FBAB4C9-6737-48B9-8C2E-11F826BABBD9}.Debug|Any CPU.ActiveCfg = Debug|Any CPU
		{9FBAB4C9-6737-48B9-8C2E-11F826BABBD9}.Debug|Any CPU.Build.0 = Debug|Any CPU
		{9FBAB4C9-6737-48B9-8C2E-11F826BABBD9}.Debug|x86.ActiveCfg = Debug|Any CPU
		{9FBAB4C9-6737-48B9-8C2E-11F826BABBD9}.Debug|x86.Build.0 = Debug|Any CPU
		{9FBAB4C9-6737-48B9-8C2E-11F826BABBD9}.Release|Any CPU.ActiveCfg = Release|Any CPU
		{9FBAB4C9-6737-48B9-8C2E-11F826BABBD9}.Release|Any CPU.Build.0 = Release|Any CPU
		{9FBAB4C9-6737-48B9-8C2E-11F826BABBD9}.Release|x86.ActiveCfg = Release|Any CPU
		{9FBAB4C9-6737-48B9-8C2E-11F826BABBD9}.Release|x86.Build.0 = Release|Any CPU
		{2EBA5E50-EB31-487C-8807-48BE897DFCD5}.Debug|Any CPU.ActiveCfg = Debug|Any CPU
		{2EBA5E50-EB31-487C-8807-48BE897DFCD5}.Debug|Any CPU.Build.0 = Debug|Any CPU
		{2EBA5E50-EB31-487C-8807-48BE897DFCD5}.Debug|x86.ActiveCfg = Debug|Any CPU
		{2EBA5E50-EB31-487C-8807-48BE897DFCD5}.Debug|x86.Build.0 = Debug|Any CPU
		{2EBA5E50-EB31-487C-8807-48BE897DFCD5}.Release|Any CPU.ActiveCfg = Release|Any CPU
		{2EBA5E50-EB31-487C-8807-48BE897DFCD5}.Release|Any CPU.Build.0 = Release|Any CPU
		{2EBA5E50-EB31-487C-8807-48BE897DFCD5}.Release|x86.ActiveCfg = Release|Any CPU
		{2EBA5E50-EB31-487C-8807-48BE897DFCD5}.Release|x86.Build.0 = Release|Any CPU
		{A70A2947-1D2E-45C6-84B3-EA91D876F831}.Debug|Any CPU.ActiveCfg = Debug|Any CPU
		{A70A2947-1D2E-45C6-84B3-EA91D876F831}.Debug|Any CPU.Build.0 = Debug|Any CPU
		{A70A2947-1D2E-45C6-84B3-EA91D876F831}.Debug|x86.ActiveCfg = Debug|Any CPU
		{A70A2947-1D2E-45C6-84B3-EA91D876F831}.Debug|x86.Build.0 = Debug|Any CPU
		{A70A2947-1D2E-45C6-84B3-EA91D876F831}.Release|Any CPU.ActiveCfg = Release|Any CPU
		{A70A2947-1D2E-45C6-84B3-EA91D876F831}.Release|Any CPU.Build.0 = Release|Any CPU
		{A70A2947-1D2E-45C6-84B3-EA91D876F831}.Release|x86.ActiveCfg = Release|Any CPU
		{A70A2947-1D2E-45C6-84B3-EA91D876F831}.Release|x86.Build.0 = Release|Any CPU
		{E80FCE2B-A22E-48AA-B980-978DE8214997}.Debug|Any CPU.ActiveCfg = Debug|Any CPU
		{E80FCE2B-A22E-48AA-B980-978DE8214997}.Debug|Any CPU.Build.0 = Debug|Any CPU
		{E80FCE2B-A22E-48AA-B980-978DE8214997}.Debug|x86.ActiveCfg = Debug|Any CPU
		{E80FCE2B-A22E-48AA-B980-978DE8214997}.Debug|x86.Build.0 = Debug|Any CPU
		{E80FCE2B-A22E-48AA-B980-978DE8214997}.Release|Any CPU.ActiveCfg = Release|Any CPU
		{E80FCE2B-A22E-48AA-B980-978DE8214997}.Release|Any CPU.Build.0 = Release|Any CPU
		{E80FCE2B-A22E-48AA-B980-978DE8214997}.Release|x86.ActiveCfg = Release|Any CPU
		{E80FCE2B-A22E-48AA-B980-978DE8214997}.Release|x86.Build.0 = Release|Any CPU
		{5EDAFC4B-FE5D-4E3E-A740-D1CC23D42830}.Debug|Any CPU.ActiveCfg = Debug|Any CPU
		{5EDAFC4B-FE5D-4E3E-A740-D1CC23D42830}.Debug|Any CPU.Build.0 = Debug|Any CPU
		{5EDAFC4B-FE5D-4E3E-A740-D1CC23D42830}.Debug|x86.ActiveCfg = Debug|Any CPU
		{5EDAFC4B-FE5D-4E3E-A740-D1CC23D42830}.Debug|x86.Build.0 = Debug|Any CPU
		{5EDAFC4B-FE5D-4E3E-A740-D1CC23D42830}.Release|Any CPU.ActiveCfg = Release|Any CPU
		{5EDAFC4B-FE5D-4E3E-A740-D1CC23D42830}.Release|Any CPU.Build.0 = Release|Any CPU
		{5EDAFC4B-FE5D-4E3E-A740-D1CC23D42830}.Release|x86.ActiveCfg = Release|Any CPU
		{5EDAFC4B-FE5D-4E3E-A740-D1CC23D42830}.Release|x86.Build.0 = Release|Any CPU
		{7A516437-97A8-4972-9111-53632AAE3F66}.Debug|Any CPU.ActiveCfg = Debug|Any CPU
		{7A516437-97A8-4972-9111-53632AAE3F66}.Debug|Any CPU.Build.0 = Debug|Any CPU
		{7A516437-97A8-4972-9111-53632AAE3F66}.Debug|x86.ActiveCfg = Debug|Any CPU
		{7A516437-97A8-4972-9111-53632AAE3F66}.Debug|x86.Build.0 = Debug|Any CPU
		{7A516437-97A8-4972-9111-53632AAE3F66}.Release|Any CPU.ActiveCfg = Release|Any CPU
		{7A516437-97A8-4972-9111-53632AAE3F66}.Release|Any CPU.Build.0 = Release|Any CPU
		{7A516437-97A8-4972-9111-53632AAE3F66}.Release|x86.ActiveCfg = Release|Any CPU
		{7A516437-97A8-4972-9111-53632AAE3F66}.Release|x86.Build.0 = Release|Any CPU
		{542B96D2-50A6-4C02-99FF-7DF82216C59E}.Debug|Any CPU.ActiveCfg = Debug|Any CPU
		{542B96D2-50A6-4C02-99FF-7DF82216C59E}.Debug|Any CPU.Build.0 = Debug|Any CPU
		{542B96D2-50A6-4C02-99FF-7DF82216C59E}.Debug|x86.ActiveCfg = Debug|Any CPU
		{542B96D2-50A6-4C02-99FF-7DF82216C59E}.Debug|x86.Build.0 = Debug|Any CPU
		{542B96D2-50A6-4C02-99FF-7DF82216C59E}.Release|Any CPU.ActiveCfg = Release|Any CPU
		{542B96D2-50A6-4C02-99FF-7DF82216C59E}.Release|Any CPU.Build.0 = Release|Any CPU
		{542B96D2-50A6-4C02-99FF-7DF82216C59E}.Release|x86.ActiveCfg = Release|Any CPU
		{542B96D2-50A6-4C02-99FF-7DF82216C59E}.Release|x86.Build.0 = Release|Any CPU
		{ADB803CB-CC72-4F46-948A-A3984869EFD8}.Debug|Any CPU.ActiveCfg = Debug|Any CPU
		{ADB803CB-CC72-4F46-948A-A3984869EFD8}.Debug|Any CPU.Build.0 = Debug|Any CPU
		{ADB803CB-CC72-4F46-948A-A3984869EFD8}.Debug|x86.ActiveCfg = Debug|Any CPU
		{ADB803CB-CC72-4F46-948A-A3984869EFD8}.Debug|x86.Build.0 = Debug|Any CPU
		{ADB803CB-CC72-4F46-948A-A3984869EFD8}.Release|Any CPU.ActiveCfg = Release|Any CPU
		{ADB803CB-CC72-4F46-948A-A3984869EFD8}.Release|Any CPU.Build.0 = Release|Any CPU
		{ADB803CB-CC72-4F46-948A-A3984869EFD8}.Release|x86.ActiveCfg = Release|Any CPU
		{ADB803CB-CC72-4F46-948A-A3984869EFD8}.Release|x86.Build.0 = Release|Any CPU
		{3DD43096-2318-4EEF-89EC-9FD58435A7FF}.Debug|Any CPU.ActiveCfg = Debug|Any CPU
		{3DD43096-2318-4EEF-89EC-9FD58435A7FF}.Debug|Any CPU.Build.0 = Debug|Any CPU
		{3DD43096-2318-4EEF-89EC-9FD58435A7FF}.Debug|x86.ActiveCfg = Debug|Any CPU
		{3DD43096-2318-4EEF-89EC-9FD58435A7FF}.Debug|x86.Build.0 = Debug|Any CPU
		{3DD43096-2318-4EEF-89EC-9FD58435A7FF}.Release|Any CPU.ActiveCfg = Release|Any CPU
		{3DD43096-2318-4EEF-89EC-9FD58435A7FF}.Release|Any CPU.Build.0 = Release|Any CPU
		{3DD43096-2318-4EEF-89EC-9FD58435A7FF}.Release|x86.ActiveCfg = Release|Any CPU
		{3DD43096-2318-4EEF-89EC-9FD58435A7FF}.Release|x86.Build.0 = Release|Any CPU
		{9E2B3C6F-0DED-4DF6-9B6B-47AB4C363D79}.Debug|Any CPU.ActiveCfg = Debug|Any CPU
		{9E2B3C6F-0DED-4DF6-9B6B-47AB4C363D79}.Debug|Any CPU.Build.0 = Debug|Any CPU
		{9E2B3C6F-0DED-4DF6-9B6B-47AB4C363D79}.Debug|x86.ActiveCfg = Debug|Any CPU
		{9E2B3C6F-0DED-4DF6-9B6B-47AB4C363D79}.Debug|x86.Build.0 = Debug|Any CPU
		{9E2B3C6F-0DED-4DF6-9B6B-47AB4C363D79}.Release|Any CPU.ActiveCfg = Release|Any CPU
		{9E2B3C6F-0DED-4DF6-9B6B-47AB4C363D79}.Release|Any CPU.Build.0 = Release|Any CPU
		{9E2B3C6F-0DED-4DF6-9B6B-47AB4C363D79}.Release|x86.ActiveCfg = Release|Any CPU
		{9E2B3C6F-0DED-4DF6-9B6B-47AB4C363D79}.Release|x86.Build.0 = Release|Any CPU
		{901C2872-F677-447B-87FC-E64077382AD5}.Debug|Any CPU.ActiveCfg = Debug|Any CPU
		{901C2872-F677-447B-87FC-E64077382AD5}.Debug|Any CPU.Build.0 = Debug|Any CPU
		{901C2872-F677-447B-87FC-E64077382AD5}.Debug|x86.ActiveCfg = Debug|Any CPU
		{901C2872-F677-447B-87FC-E64077382AD5}.Debug|x86.Build.0 = Debug|Any CPU
		{901C2872-F677-447B-87FC-E64077382AD5}.Release|Any CPU.ActiveCfg = Release|Any CPU
		{901C2872-F677-447B-87FC-E64077382AD5}.Release|Any CPU.Build.0 = Release|Any CPU
		{901C2872-F677-447B-87FC-E64077382AD5}.Release|x86.ActiveCfg = Release|Any CPU
		{901C2872-F677-447B-87FC-E64077382AD5}.Release|x86.Build.0 = Release|Any CPU
		{795F7496-74CE-4ED7-9893-5BB92F737D6E}.Debug|Any CPU.ActiveCfg = Debug|Any CPU
		{795F7496-74CE-4ED7-9893-5BB92F737D6E}.Debug|Any CPU.Build.0 = Debug|Any CPU
		{795F7496-74CE-4ED7-9893-5BB92F737D6E}.Debug|x86.ActiveCfg = Debug|Any CPU
		{795F7496-74CE-4ED7-9893-5BB92F737D6E}.Debug|x86.Build.0 = Debug|Any CPU
		{795F7496-74CE-4ED7-9893-5BB92F737D6E}.Release|Any CPU.ActiveCfg = Release|Any CPU
		{795F7496-74CE-4ED7-9893-5BB92F737D6E}.Release|Any CPU.Build.0 = Release|Any CPU
		{795F7496-74CE-4ED7-9893-5BB92F737D6E}.Release|x86.ActiveCfg = Release|Any CPU
		{795F7496-74CE-4ED7-9893-5BB92F737D6E}.Release|x86.Build.0 = Release|Any CPU
		{9A000669-50CB-440D-BBA6-0D780A1F7013}.Debug|Any CPU.ActiveCfg = Debug|Any CPU
		{9A000669-50CB-440D-BBA6-0D780A1F7013}.Debug|Any CPU.Build.0 = Debug|Any CPU
		{9A000669-50CB-440D-BBA6-0D780A1F7013}.Debug|x86.ActiveCfg = Debug|Any CPU
		{9A000669-50CB-440D-BBA6-0D780A1F7013}.Debug|x86.Build.0 = Debug|Any CPU
		{9A000669-50CB-440D-BBA6-0D780A1F7013}.Release|Any CPU.ActiveCfg = Release|Any CPU
		{9A000669-50CB-440D-BBA6-0D780A1F7013}.Release|Any CPU.Build.0 = Release|Any CPU
		{9A000669-50CB-440D-BBA6-0D780A1F7013}.Release|x86.ActiveCfg = Release|Any CPU
		{9A000669-50CB-440D-BBA6-0D780A1F7013}.Release|x86.Build.0 = Release|Any CPU
		{BFCDC67A-9C97-465C-A72E-3096140F4EB2}.Debug|Any CPU.ActiveCfg = Debug|Any CPU
		{BFCDC67A-9C97-465C-A72E-3096140F4EB2}.Debug|Any CPU.Build.0 = Debug|Any CPU
		{BFCDC67A-9C97-465C-A72E-3096140F4EB2}.Debug|x86.ActiveCfg = Debug|Any CPU
		{BFCDC67A-9C97-465C-A72E-3096140F4EB2}.Debug|x86.Build.0 = Debug|Any CPU
		{BFCDC67A-9C97-465C-A72E-3096140F4EB2}.Release|Any CPU.ActiveCfg = Release|Any CPU
		{BFCDC67A-9C97-465C-A72E-3096140F4EB2}.Release|Any CPU.Build.0 = Release|Any CPU
		{BFCDC67A-9C97-465C-A72E-3096140F4EB2}.Release|x86.ActiveCfg = Release|Any CPU
		{BFCDC67A-9C97-465C-A72E-3096140F4EB2}.Release|x86.Build.0 = Release|Any CPU
		{9744F384-B54B-43A7-B5E2-E33969C413F7}.Debug|Any CPU.ActiveCfg = Debug|Any CPU
		{9744F384-B54B-43A7-B5E2-E33969C413F7}.Debug|Any CPU.Build.0 = Debug|Any CPU
		{9744F384-B54B-43A7-B5E2-E33969C413F7}.Debug|x86.ActiveCfg = Debug|Any CPU
		{9744F384-B54B-43A7-B5E2-E33969C413F7}.Debug|x86.Build.0 = Debug|Any CPU
		{9744F384-B54B-43A7-B5E2-E33969C413F7}.Release|Any CPU.ActiveCfg = Release|Any CPU
		{9744F384-B54B-43A7-B5E2-E33969C413F7}.Release|Any CPU.Build.0 = Release|Any CPU
		{9744F384-B54B-43A7-B5E2-E33969C413F7}.Release|x86.ActiveCfg = Release|Any CPU
		{9744F384-B54B-43A7-B5E2-E33969C413F7}.Release|x86.Build.0 = Release|Any CPU
		{038AF679-4C6C-41EA-9862-FEC5C894851B}.Debug|Any CPU.ActiveCfg = Debug|Any CPU
		{038AF679-4C6C-41EA-9862-FEC5C894851B}.Debug|Any CPU.Build.0 = Debug|Any CPU
		{038AF679-4C6C-41EA-9862-FEC5C894851B}.Debug|x86.ActiveCfg = Debug|Any CPU
		{038AF679-4C6C-41EA-9862-FEC5C894851B}.Debug|x86.Build.0 = Debug|Any CPU
		{038AF679-4C6C-41EA-9862-FEC5C894851B}.Release|Any CPU.ActiveCfg = Release|Any CPU
		{038AF679-4C6C-41EA-9862-FEC5C894851B}.Release|Any CPU.Build.0 = Release|Any CPU
		{038AF679-4C6C-41EA-9862-FEC5C894851B}.Release|x86.ActiveCfg = Release|Any CPU
		{038AF679-4C6C-41EA-9862-FEC5C894851B}.Release|x86.Build.0 = Release|Any CPU
		{3C0B02DB-79AB-4129-9D44-0A4828292871}.Debug|Any CPU.ActiveCfg = Debug|Any CPU
		{3C0B02DB-79AB-4129-9D44-0A4828292871}.Debug|Any CPU.Build.0 = Debug|Any CPU
		{3C0B02DB-79AB-4129-9D44-0A4828292871}.Debug|x86.ActiveCfg = Debug|Any CPU
		{3C0B02DB-79AB-4129-9D44-0A4828292871}.Debug|x86.Build.0 = Debug|Any CPU
		{3C0B02DB-79AB-4129-9D44-0A4828292871}.Release|Any CPU.ActiveCfg = Release|Any CPU
		{3C0B02DB-79AB-4129-9D44-0A4828292871}.Release|Any CPU.Build.0 = Release|Any CPU
		{3C0B02DB-79AB-4129-9D44-0A4828292871}.Release|x86.ActiveCfg = Release|Any CPU
		{3C0B02DB-79AB-4129-9D44-0A4828292871}.Release|x86.Build.0 = Release|Any CPU
		{65D503EB-435A-45AE-9ABD-F86760C3232C}.Debug|Any CPU.ActiveCfg = Debug|Any CPU
		{65D503EB-435A-45AE-9ABD-F86760C3232C}.Debug|Any CPU.Build.0 = Debug|Any CPU
		{65D503EB-435A-45AE-9ABD-F86760C3232C}.Debug|x86.ActiveCfg = Debug|Any CPU
		{65D503EB-435A-45AE-9ABD-F86760C3232C}.Debug|x86.Build.0 = Debug|Any CPU
		{65D503EB-435A-45AE-9ABD-F86760C3232C}.Release|Any CPU.ActiveCfg = Release|Any CPU
		{65D503EB-435A-45AE-9ABD-F86760C3232C}.Release|Any CPU.Build.0 = Release|Any CPU
		{65D503EB-435A-45AE-9ABD-F86760C3232C}.Release|x86.ActiveCfg = Release|Any CPU
		{65D503EB-435A-45AE-9ABD-F86760C3232C}.Release|x86.Build.0 = Release|Any CPU
		{05F49BC7-3955-4FBE-A53E-1A75AE05F740}.Debug|Any CPU.ActiveCfg = Debug|Any CPU
		{05F49BC7-3955-4FBE-A53E-1A75AE05F740}.Debug|Any CPU.Build.0 = Debug|Any CPU
		{05F49BC7-3955-4FBE-A53E-1A75AE05F740}.Debug|x86.ActiveCfg = Debug|Any CPU
		{05F49BC7-3955-4FBE-A53E-1A75AE05F740}.Debug|x86.Build.0 = Debug|Any CPU
		{05F49BC7-3955-4FBE-A53E-1A75AE05F740}.Release|Any CPU.ActiveCfg = Release|Any CPU
		{05F49BC7-3955-4FBE-A53E-1A75AE05F740}.Release|Any CPU.Build.0 = Release|Any CPU
		{05F49BC7-3955-4FBE-A53E-1A75AE05F740}.Release|x86.ActiveCfg = Release|Any CPU
		{05F49BC7-3955-4FBE-A53E-1A75AE05F740}.Release|x86.Build.0 = Release|Any CPU
		{01E3A638-1DB2-40AE-8460-09F4A8172A90}.Debug|Any CPU.ActiveCfg = Debug|Any CPU
		{01E3A638-1DB2-40AE-8460-09F4A8172A90}.Debug|Any CPU.Build.0 = Debug|Any CPU
		{01E3A638-1DB2-40AE-8460-09F4A8172A90}.Debug|x86.ActiveCfg = Debug|Any CPU
		{01E3A638-1DB2-40AE-8460-09F4A8172A90}.Debug|x86.Build.0 = Debug|Any CPU
		{01E3A638-1DB2-40AE-8460-09F4A8172A90}.Release|Any CPU.ActiveCfg = Release|Any CPU
		{01E3A638-1DB2-40AE-8460-09F4A8172A90}.Release|Any CPU.Build.0 = Release|Any CPU
		{01E3A638-1DB2-40AE-8460-09F4A8172A90}.Release|x86.ActiveCfg = Release|Any CPU
		{01E3A638-1DB2-40AE-8460-09F4A8172A90}.Release|x86.Build.0 = Release|Any CPU
		{66DD7807-B6DF-461C-8381-092EDD93F290}.Debug|Any CPU.ActiveCfg = Debug|Any CPU
		{66DD7807-B6DF-461C-8381-092EDD93F290}.Debug|Any CPU.Build.0 = Debug|Any CPU
		{66DD7807-B6DF-461C-8381-092EDD93F290}.Debug|x86.ActiveCfg = Debug|Any CPU
		{66DD7807-B6DF-461C-8381-092EDD93F290}.Debug|x86.Build.0 = Debug|Any CPU
		{66DD7807-B6DF-461C-8381-092EDD93F290}.Release|Any CPU.ActiveCfg = Release|Any CPU
		{66DD7807-B6DF-461C-8381-092EDD93F290}.Release|Any CPU.Build.0 = Release|Any CPU
		{66DD7807-B6DF-461C-8381-092EDD93F290}.Release|x86.ActiveCfg = Release|Any CPU
		{66DD7807-B6DF-461C-8381-092EDD93F290}.Release|x86.Build.0 = Release|Any CPU
		{AC5F81FA-69DE-4626-94E4-FADAA4481E3B}.Debug|Any CPU.ActiveCfg = Debug|Any CPU
		{AC5F81FA-69DE-4626-94E4-FADAA4481E3B}.Debug|Any CPU.Build.0 = Debug|Any CPU
		{AC5F81FA-69DE-4626-94E4-FADAA4481E3B}.Debug|x86.ActiveCfg = Debug|Any CPU
		{AC5F81FA-69DE-4626-94E4-FADAA4481E3B}.Debug|x86.Build.0 = Debug|Any CPU
		{AC5F81FA-69DE-4626-94E4-FADAA4481E3B}.Release|Any CPU.ActiveCfg = Release|Any CPU
		{AC5F81FA-69DE-4626-94E4-FADAA4481E3B}.Release|Any CPU.Build.0 = Release|Any CPU
		{AC5F81FA-69DE-4626-94E4-FADAA4481E3B}.Release|x86.ActiveCfg = Release|Any CPU
		{AC5F81FA-69DE-4626-94E4-FADAA4481E3B}.Release|x86.Build.0 = Release|Any CPU
		{DA9E8FCF-9418-4C64-8D5C-31F171A21F1B}.Debug|Any CPU.ActiveCfg = Debug|Any CPU
		{DA9E8FCF-9418-4C64-8D5C-31F171A21F1B}.Debug|Any CPU.Build.0 = Debug|Any CPU
		{DA9E8FCF-9418-4C64-8D5C-31F171A21F1B}.Debug|x86.ActiveCfg = Debug|Any CPU
		{DA9E8FCF-9418-4C64-8D5C-31F171A21F1B}.Debug|x86.Build.0 = Debug|Any CPU
		{DA9E8FCF-9418-4C64-8D5C-31F171A21F1B}.Release|Any CPU.ActiveCfg = Release|Any CPU
		{DA9E8FCF-9418-4C64-8D5C-31F171A21F1B}.Release|Any CPU.Build.0 = Release|Any CPU
		{DA9E8FCF-9418-4C64-8D5C-31F171A21F1B}.Release|x86.ActiveCfg = Release|Any CPU
		{DA9E8FCF-9418-4C64-8D5C-31F171A21F1B}.Release|x86.Build.0 = Release|Any CPU
		{BA05E0ED-B635-40BE-8058-86366163B78A}.Debug|Any CPU.ActiveCfg = Debug|Any CPU
		{BA05E0ED-B635-40BE-8058-86366163B78A}.Debug|Any CPU.Build.0 = Debug|Any CPU
		{BA05E0ED-B635-40BE-8058-86366163B78A}.Debug|x86.ActiveCfg = Debug|Any CPU
		{BA05E0ED-B635-40BE-8058-86366163B78A}.Debug|x86.Build.0 = Debug|Any CPU
		{BA05E0ED-B635-40BE-8058-86366163B78A}.Release|Any CPU.ActiveCfg = Release|Any CPU
		{BA05E0ED-B635-40BE-8058-86366163B78A}.Release|Any CPU.Build.0 = Release|Any CPU
		{BA05E0ED-B635-40BE-8058-86366163B78A}.Release|x86.ActiveCfg = Release|Any CPU
		{BA05E0ED-B635-40BE-8058-86366163B78A}.Release|x86.Build.0 = Release|Any CPU
		{7BC8FF39-F9D8-4CA5-AC5B-B79788180848}.Debug|Any CPU.ActiveCfg = Debug|Any CPU
		{7BC8FF39-F9D8-4CA5-AC5B-B79788180848}.Debug|Any CPU.Build.0 = Debug|Any CPU
		{7BC8FF39-F9D8-4CA5-AC5B-B79788180848}.Debug|x86.ActiveCfg = Debug|Any CPU
		{7BC8FF39-F9D8-4CA5-AC5B-B79788180848}.Debug|x86.Build.0 = Debug|Any CPU
		{7BC8FF39-F9D8-4CA5-AC5B-B79788180848}.Release|Any CPU.ActiveCfg = Release|Any CPU
		{7BC8FF39-F9D8-4CA5-AC5B-B79788180848}.Release|Any CPU.Build.0 = Release|Any CPU
		{7BC8FF39-F9D8-4CA5-AC5B-B79788180848}.Release|x86.ActiveCfg = Release|Any CPU
		{7BC8FF39-F9D8-4CA5-AC5B-B79788180848}.Release|x86.Build.0 = Release|Any CPU
		{3C262542-5FF3-498F-9415-6D3F383F6F0D}.Debug|Any CPU.ActiveCfg = Debug|Any CPU
		{3C262542-5FF3-498F-9415-6D3F383F6F0D}.Debug|Any CPU.Build.0 = Debug|Any CPU
		{3C262542-5FF3-498F-9415-6D3F383F6F0D}.Debug|x86.ActiveCfg = Debug|Any CPU
		{3C262542-5FF3-498F-9415-6D3F383F6F0D}.Debug|x86.Build.0 = Debug|Any CPU
		{3C262542-5FF3-498F-9415-6D3F383F6F0D}.Release|Any CPU.ActiveCfg = Release|Any CPU
		{3C262542-5FF3-498F-9415-6D3F383F6F0D}.Release|Any CPU.Build.0 = Release|Any CPU
		{3C262542-5FF3-498F-9415-6D3F383F6F0D}.Release|x86.ActiveCfg = Release|Any CPU
		{3C262542-5FF3-498F-9415-6D3F383F6F0D}.Release|x86.Build.0 = Release|Any CPU
		{565B898D-5B76-447B-A8AF-20B95D817A12}.Debug|Any CPU.ActiveCfg = Debug|Any CPU
		{565B898D-5B76-447B-A8AF-20B95D817A12}.Debug|Any CPU.Build.0 = Debug|Any CPU
		{565B898D-5B76-447B-A8AF-20B95D817A12}.Debug|x86.ActiveCfg = Debug|Any CPU
		{565B898D-5B76-447B-A8AF-20B95D817A12}.Debug|x86.Build.0 = Debug|Any CPU
		{565B898D-5B76-447B-A8AF-20B95D817A12}.Release|Any CPU.ActiveCfg = Release|Any CPU
		{565B898D-5B76-447B-A8AF-20B95D817A12}.Release|Any CPU.Build.0 = Release|Any CPU
		{565B898D-5B76-447B-A8AF-20B95D817A12}.Release|x86.ActiveCfg = Release|Any CPU
		{565B898D-5B76-447B-A8AF-20B95D817A12}.Release|x86.Build.0 = Release|Any CPU
		{9753D049-67D3-42AB-9894-A970B7982088}.Debug|Any CPU.ActiveCfg = Debug|Any CPU
		{9753D049-67D3-42AB-9894-A970B7982088}.Debug|Any CPU.Build.0 = Debug|Any CPU
		{9753D049-67D3-42AB-9894-A970B7982088}.Debug|x86.ActiveCfg = Debug|Any CPU
		{9753D049-67D3-42AB-9894-A970B7982088}.Debug|x86.Build.0 = Debug|Any CPU
		{9753D049-67D3-42AB-9894-A970B7982088}.Release|Any CPU.ActiveCfg = Release|Any CPU
		{9753D049-67D3-42AB-9894-A970B7982088}.Release|Any CPU.Build.0 = Release|Any CPU
		{9753D049-67D3-42AB-9894-A970B7982088}.Release|x86.ActiveCfg = Release|Any CPU
		{9753D049-67D3-42AB-9894-A970B7982088}.Release|x86.Build.0 = Release|Any CPU
		{93BA96A9-880C-467D-BE95-D01A944BAA5D}.Debug|Any CPU.ActiveCfg = Debug|Any CPU
		{93BA96A9-880C-467D-BE95-D01A944BAA5D}.Debug|Any CPU.Build.0 = Debug|Any CPU
		{93BA96A9-880C-467D-BE95-D01A944BAA5D}.Debug|x86.ActiveCfg = Debug|Any CPU
		{93BA96A9-880C-467D-BE95-D01A944BAA5D}.Debug|x86.Build.0 = Debug|Any CPU
		{93BA96A9-880C-467D-BE95-D01A944BAA5D}.Release|Any CPU.ActiveCfg = Release|Any CPU
		{93BA96A9-880C-467D-BE95-D01A944BAA5D}.Release|Any CPU.Build.0 = Release|Any CPU
		{93BA96A9-880C-467D-BE95-D01A944BAA5D}.Release|x86.ActiveCfg = Release|Any CPU
		{93BA96A9-880C-467D-BE95-D01A944BAA5D}.Release|x86.Build.0 = Release|Any CPU
		{4BC137BF-8AED-4237-A5D9-5B76ED350E62}.Debug|Any CPU.ActiveCfg = Debug|Any CPU
		{4BC137BF-8AED-4237-A5D9-5B76ED350E62}.Debug|Any CPU.Build.0 = Debug|Any CPU
		{4BC137BF-8AED-4237-A5D9-5B76ED350E62}.Debug|x86.ActiveCfg = Debug|x86
		{4BC137BF-8AED-4237-A5D9-5B76ED350E62}.Debug|x86.Build.0 = Debug|x86
		{4BC137BF-8AED-4237-A5D9-5B76ED350E62}.Release|Any CPU.ActiveCfg = Release|Any CPU
		{4BC137BF-8AED-4237-A5D9-5B76ED350E62}.Release|Any CPU.Build.0 = Release|Any CPU
		{4BC137BF-8AED-4237-A5D9-5B76ED350E62}.Release|x86.ActiveCfg = Release|x86
		{4BC137BF-8AED-4237-A5D9-5B76ED350E62}.Release|x86.Build.0 = Release|x86
		{5E637CD4-814E-4683-922D-7D66E3DCD7D7}.Debug|Any CPU.ActiveCfg = Debug|Any CPU
		{5E637CD4-814E-4683-922D-7D66E3DCD7D7}.Debug|Any CPU.Build.0 = Debug|Any CPU
		{5E637CD4-814E-4683-922D-7D66E3DCD7D7}.Debug|x86.ActiveCfg = Debug|Any CPU
		{5E637CD4-814E-4683-922D-7D66E3DCD7D7}.Debug|x86.Build.0 = Debug|Any CPU
		{5E637CD4-814E-4683-922D-7D66E3DCD7D7}.Release|Any CPU.ActiveCfg = Release|Any CPU
		{5E637CD4-814E-4683-922D-7D66E3DCD7D7}.Release|Any CPU.Build.0 = Release|Any CPU
		{5E637CD4-814E-4683-922D-7D66E3DCD7D7}.Release|x86.ActiveCfg = Release|Any CPU
		{5E637CD4-814E-4683-922D-7D66E3DCD7D7}.Release|x86.Build.0 = Release|Any CPU
		{E288C69F-F8E8-4095-9918-65DF45472F4C}.Debug|Any CPU.ActiveCfg = Debug|Any CPU
		{E288C69F-F8E8-4095-9918-65DF45472F4C}.Debug|Any CPU.Build.0 = Debug|Any CPU
		{E288C69F-F8E8-4095-9918-65DF45472F4C}.Debug|x86.ActiveCfg = Debug|Any CPU
		{E288C69F-F8E8-4095-9918-65DF45472F4C}.Debug|x86.Build.0 = Debug|Any CPU
		{E288C69F-F8E8-4095-9918-65DF45472F4C}.Release|Any CPU.ActiveCfg = Release|Any CPU
		{E288C69F-F8E8-4095-9918-65DF45472F4C}.Release|Any CPU.Build.0 = Release|Any CPU
		{E288C69F-F8E8-4095-9918-65DF45472F4C}.Release|x86.ActiveCfg = Release|Any CPU
		{E288C69F-F8E8-4095-9918-65DF45472F4C}.Release|x86.Build.0 = Release|Any CPU
		{4B53BA11-1ADE-44E7-AC0F-7748D5701C25}.Debug|Any CPU.ActiveCfg = Debug|Any CPU
		{4B53BA11-1ADE-44E7-AC0F-7748D5701C25}.Debug|Any CPU.Build.0 = Debug|Any CPU
		{4B53BA11-1ADE-44E7-AC0F-7748D5701C25}.Debug|x86.ActiveCfg = Debug|Any CPU
		{4B53BA11-1ADE-44E7-AC0F-7748D5701C25}.Debug|x86.Build.0 = Debug|Any CPU
		{4B53BA11-1ADE-44E7-AC0F-7748D5701C25}.Release|Any CPU.ActiveCfg = Release|Any CPU
		{4B53BA11-1ADE-44E7-AC0F-7748D5701C25}.Release|Any CPU.Build.0 = Release|Any CPU
		{4B53BA11-1ADE-44E7-AC0F-7748D5701C25}.Release|x86.ActiveCfg = Release|Any CPU
		{4B53BA11-1ADE-44E7-AC0F-7748D5701C25}.Release|x86.Build.0 = Release|Any CPU
		{1A06E7DE-996F-4433-9560-EACB9F5EC7DF}.Debug|Any CPU.ActiveCfg = Debug|Any CPU
		{1A06E7DE-996F-4433-9560-EACB9F5EC7DF}.Debug|Any CPU.Build.0 = Debug|Any CPU
		{1A06E7DE-996F-4433-9560-EACB9F5EC7DF}.Debug|x86.ActiveCfg = Debug|Any CPU
		{1A06E7DE-996F-4433-9560-EACB9F5EC7DF}.Debug|x86.Build.0 = Debug|Any CPU
		{1A06E7DE-996F-4433-9560-EACB9F5EC7DF}.Release|Any CPU.ActiveCfg = Release|Any CPU
		{1A06E7DE-996F-4433-9560-EACB9F5EC7DF}.Release|Any CPU.Build.0 = Release|Any CPU
		{1A06E7DE-996F-4433-9560-EACB9F5EC7DF}.Release|x86.ActiveCfg = Release|Any CPU
		{1A06E7DE-996F-4433-9560-EACB9F5EC7DF}.Release|x86.Build.0 = Release|Any CPU
		{9D2CF52A-415C-4ABD-A6A2-7DB340D6151A}.Debug|Any CPU.ActiveCfg = Debug|Any CPU
		{9D2CF52A-415C-4ABD-A6A2-7DB340D6151A}.Debug|Any CPU.Build.0 = Debug|Any CPU
		{9D2CF52A-415C-4ABD-A6A2-7DB340D6151A}.Debug|x86.ActiveCfg = Debug|Any CPU
		{9D2CF52A-415C-4ABD-A6A2-7DB340D6151A}.Debug|x86.Build.0 = Debug|Any CPU
		{9D2CF52A-415C-4ABD-A6A2-7DB340D6151A}.Release|Any CPU.ActiveCfg = Release|Any CPU
		{9D2CF52A-415C-4ABD-A6A2-7DB340D6151A}.Release|Any CPU.Build.0 = Release|Any CPU
		{9D2CF52A-415C-4ABD-A6A2-7DB340D6151A}.Release|x86.ActiveCfg = Release|Any CPU
		{9D2CF52A-415C-4ABD-A6A2-7DB340D6151A}.Release|x86.Build.0 = Release|Any CPU
		{4BF52AE0-3EE0-4E02-ADCC-199FCA966B2F}.Debug|Any CPU.ActiveCfg = Debug|Any CPU
		{4BF52AE0-3EE0-4E02-ADCC-199FCA966B2F}.Debug|Any CPU.Build.0 = Debug|Any CPU
		{4BF52AE0-3EE0-4E02-ADCC-199FCA966B2F}.Debug|x86.ActiveCfg = Debug|Any CPU
		{4BF52AE0-3EE0-4E02-ADCC-199FCA966B2F}.Debug|x86.Build.0 = Debug|Any CPU
		{4BF52AE0-3EE0-4E02-ADCC-199FCA966B2F}.Release|Any CPU.ActiveCfg = Release|Any CPU
		{4BF52AE0-3EE0-4E02-ADCC-199FCA966B2F}.Release|Any CPU.Build.0 = Release|Any CPU
		{4BF52AE0-3EE0-4E02-ADCC-199FCA966B2F}.Release|x86.ActiveCfg = Release|Any CPU
		{4BF52AE0-3EE0-4E02-ADCC-199FCA966B2F}.Release|x86.Build.0 = Release|Any CPU
		{131F7CD2-A2CB-4079-9AC0-F1AE7E8B28FE}.Debug|Any CPU.ActiveCfg = Debug|Any CPU
		{131F7CD2-A2CB-4079-9AC0-F1AE7E8B28FE}.Debug|Any CPU.Build.0 = Debug|Any CPU
		{131F7CD2-A2CB-4079-9AC0-F1AE7E8B28FE}.Debug|x86.ActiveCfg = Debug|Any CPU
		{131F7CD2-A2CB-4079-9AC0-F1AE7E8B28FE}.Debug|x86.Build.0 = Debug|Any CPU
		{131F7CD2-A2CB-4079-9AC0-F1AE7E8B28FE}.Release|Any CPU.ActiveCfg = Release|Any CPU
		{131F7CD2-A2CB-4079-9AC0-F1AE7E8B28FE}.Release|Any CPU.Build.0 = Release|Any CPU
		{131F7CD2-A2CB-4079-9AC0-F1AE7E8B28FE}.Release|x86.ActiveCfg = Release|Any CPU
		{131F7CD2-A2CB-4079-9AC0-F1AE7E8B28FE}.Release|x86.Build.0 = Release|Any CPU
		{A8CA7D1E-C6E0-4AE4-AC36-3ACCF9EBF8C2}.Debug|Any CPU.ActiveCfg = Debug|Any CPU
		{A8CA7D1E-C6E0-4AE4-AC36-3ACCF9EBF8C2}.Debug|Any CPU.Build.0 = Debug|Any CPU
		{A8CA7D1E-C6E0-4AE4-AC36-3ACCF9EBF8C2}.Debug|x86.ActiveCfg = Debug|Any CPU
		{A8CA7D1E-C6E0-4AE4-AC36-3ACCF9EBF8C2}.Debug|x86.Build.0 = Debug|Any CPU
		{A8CA7D1E-C6E0-4AE4-AC36-3ACCF9EBF8C2}.Release|Any CPU.ActiveCfg = Release|Any CPU
		{A8CA7D1E-C6E0-4AE4-AC36-3ACCF9EBF8C2}.Release|Any CPU.Build.0 = Release|Any CPU
		{A8CA7D1E-C6E0-4AE4-AC36-3ACCF9EBF8C2}.Release|x86.ActiveCfg = Release|Any CPU
		{A8CA7D1E-C6E0-4AE4-AC36-3ACCF9EBF8C2}.Release|x86.Build.0 = Release|Any CPU
		{054F6AE5-B73B-4175-9785-CD1850C88B66}.Debug|Any CPU.ActiveCfg = Debug|Any CPU
		{054F6AE5-B73B-4175-9785-CD1850C88B66}.Debug|Any CPU.Build.0 = Debug|Any CPU
		{054F6AE5-B73B-4175-9785-CD1850C88B66}.Debug|x86.ActiveCfg = Debug|Any CPU
		{054F6AE5-B73B-4175-9785-CD1850C88B66}.Debug|x86.Build.0 = Debug|Any CPU
		{054F6AE5-B73B-4175-9785-CD1850C88B66}.Release|Any CPU.ActiveCfg = Release|Any CPU
		{054F6AE5-B73B-4175-9785-CD1850C88B66}.Release|Any CPU.Build.0 = Release|Any CPU
		{054F6AE5-B73B-4175-9785-CD1850C88B66}.Release|x86.ActiveCfg = Release|Any CPU
		{054F6AE5-B73B-4175-9785-CD1850C88B66}.Release|x86.Build.0 = Release|Any CPU
		{F1AC6C0B-1DA5-46D3-92DB-B6819C1ECAFE}.Debug|Any CPU.ActiveCfg = Debug|Any CPU
		{F1AC6C0B-1DA5-46D3-92DB-B6819C1ECAFE}.Debug|Any CPU.Build.0 = Debug|Any CPU
		{F1AC6C0B-1DA5-46D3-92DB-B6819C1ECAFE}.Debug|x86.ActiveCfg = Debug|Any CPU
		{F1AC6C0B-1DA5-46D3-92DB-B6819C1ECAFE}.Debug|x86.Build.0 = Debug|Any CPU
		{F1AC6C0B-1DA5-46D3-92DB-B6819C1ECAFE}.Release|Any CPU.ActiveCfg = Release|Any CPU
		{F1AC6C0B-1DA5-46D3-92DB-B6819C1ECAFE}.Release|Any CPU.Build.0 = Release|Any CPU
		{F1AC6C0B-1DA5-46D3-92DB-B6819C1ECAFE}.Release|x86.ActiveCfg = Release|Any CPU
		{F1AC6C0B-1DA5-46D3-92DB-B6819C1ECAFE}.Release|x86.Build.0 = Release|Any CPU
		{EEC4838E-DFAC-49B1-B2B4-288290B60E24}.Debug|Any CPU.ActiveCfg = Debug|Any CPU
		{EEC4838E-DFAC-49B1-B2B4-288290B60E24}.Debug|Any CPU.Build.0 = Debug|Any CPU
		{EEC4838E-DFAC-49B1-B2B4-288290B60E24}.Debug|x86.ActiveCfg = Debug|Any CPU
		{EEC4838E-DFAC-49B1-B2B4-288290B60E24}.Debug|x86.Build.0 = Debug|Any CPU
		{EEC4838E-DFAC-49B1-B2B4-288290B60E24}.Release|Any CPU.ActiveCfg = Release|Any CPU
		{EEC4838E-DFAC-49B1-B2B4-288290B60E24}.Release|Any CPU.Build.0 = Release|Any CPU
		{EEC4838E-DFAC-49B1-B2B4-288290B60E24}.Release|x86.ActiveCfg = Release|Any CPU
		{EEC4838E-DFAC-49B1-B2B4-288290B60E24}.Release|x86.Build.0 = Release|Any CPU
		{B5D53FDE-9B8E-48DF-A7C7-C6F35E49BE43}.Debug|Any CPU.ActiveCfg = Debug|Any CPU
		{B5D53FDE-9B8E-48DF-A7C7-C6F35E49BE43}.Debug|Any CPU.Build.0 = Debug|Any CPU
		{B5D53FDE-9B8E-48DF-A7C7-C6F35E49BE43}.Debug|x86.ActiveCfg = Debug|Any CPU
		{B5D53FDE-9B8E-48DF-A7C7-C6F35E49BE43}.Debug|x86.Build.0 = Debug|Any CPU
		{B5D53FDE-9B8E-48DF-A7C7-C6F35E49BE43}.Release|Any CPU.ActiveCfg = Release|Any CPU
		{B5D53FDE-9B8E-48DF-A7C7-C6F35E49BE43}.Release|Any CPU.Build.0 = Release|Any CPU
		{B5D53FDE-9B8E-48DF-A7C7-C6F35E49BE43}.Release|x86.ActiveCfg = Release|Any CPU
		{B5D53FDE-9B8E-48DF-A7C7-C6F35E49BE43}.Release|x86.Build.0 = Release|Any CPU
		{B70A5443-DC05-4CDC-B7BC-8925C253EC7F}.Debug|Any CPU.ActiveCfg = Debug|Any CPU
		{B70A5443-DC05-4CDC-B7BC-8925C253EC7F}.Debug|Any CPU.Build.0 = Debug|Any CPU
		{B70A5443-DC05-4CDC-B7BC-8925C253EC7F}.Debug|x86.ActiveCfg = Debug|Any CPU
		{B70A5443-DC05-4CDC-B7BC-8925C253EC7F}.Debug|x86.Build.0 = Debug|Any CPU
		{B70A5443-DC05-4CDC-B7BC-8925C253EC7F}.Release|Any CPU.ActiveCfg = Release|Any CPU
		{B70A5443-DC05-4CDC-B7BC-8925C253EC7F}.Release|Any CPU.Build.0 = Release|Any CPU
		{B70A5443-DC05-4CDC-B7BC-8925C253EC7F}.Release|x86.ActiveCfg = Release|Any CPU
		{B70A5443-DC05-4CDC-B7BC-8925C253EC7F}.Release|x86.Build.0 = Release|Any CPU
	EndGlobalSection
	GlobalSection(SolutionProperties) = preSolution
		HideSolutionNode = FALSE
	EndGlobalSection
	GlobalSection(ExtensibilityGlobals) = postSolution
		SolutionGuid = {EF0857A6-7C05-4C08-B032-9085D124F5DE}
	EndGlobalSection
EndGlobal
